
Microsoft Visual Studio Solution File, Format Version 12.00
# Visual Studio Version 16
VisualStudioVersion = 16.0.29613.14
MinimumVisualStudioVersion = 10.0.40219.1
Project("{FAE04EC0-301F-11D3-BF4B-00C04F79EFBC}") = "QuickBuy.Domain", "QuickBuy.Domain\QuickBuy.Domain.csproj", "{89CCDA58-EF5E-49A5-85D4-73912F7ABC2B}"
EndProject
Project("{FAE04EC0-301F-11D3-BF4B-00C04F79EFBC}") = "QuickBuy.Repository", "QuickBuy.Repository\QuickBuy.Repository.csproj", "{AAAB1E85-056D-49E6-99C4-72EFC41D3D1A}"
EndProject
Project("{FAE04EC0-301F-11D3-BF4B-00C04F79EFBC}") = "QuickBuy.Web", "QuickBuy.Web\QuickBuy.Web.csproj", "{0B106869-2945-436D-BDA7-DBEFFFC480A3}"
EndProject
Global
	GlobalSection(SolutionConfigurationPlatforms) = preSolution
		Debug|Any CPU = Debug|Any CPU
		Release|Any CPU = Release|Any CPU
	EndGlobalSection
	GlobalSection(ProjectConfigurationPlatforms) = postSolution
		{89CCDA58-EF5E-49A5-85D4-73912F7ABC2B}.Debug|Any CPU.ActiveCfg = Debug|Any CPU
		{89CCDA58-EF5E-49A5-85D4-73912F7ABC2B}.Debug|Any CPU.Build.0 = Debug|Any CPU
		{89CCDA58-EF5E-49A5-85D4-73912F7ABC2B}.Release|Any CPU.ActiveCfg = Release|Any CPU
		{89CCDA58-EF5E-49A5-85D4-73912F7ABC2B}.Release|Any CPU.Build.0 = Release|Any CPU
		{AAAB1E85-056D-49E6-99C4-72EFC41D3D1A}.Debug|Any CPU.ActiveCfg = Debug|Any CPU
		{AAAB1E85-056D-49E6-99C4-72EFC41D3D1A}.Debug|Any CPU.Build.0 = Debug|Any CPU
		{AAAB1E85-056D-49E6-99C4-72EFC41D3D1A}.Release|Any CPU.ActiveCfg = Release|Any CPU
		{AAAB1E85-056D-49E6-99C4-72EFC41D3D1A}.Release|Any CPU.Build.0 = Release|Any CPU
		{0B106869-2945-436D-BDA7-DBEFFFC480A3}.Debug|Any CPU.ActiveCfg = Debug|Any CPU
		{0B106869-2945-436D-BDA7-DBEFFFC480A3}.Debug|Any CPU.Build.0 = Debug|Any CPU
		{0B106869-2945-436D-BDA7-DBEFFFC480A3}.Release|Any CPU.ActiveCfg = Release|Any CPU
		{0B106869-2945-436D-BDA7-DBEFFFC480A3}.Release|Any CPU.Build.0 = Release|Any CPU
	EndGlobalSection
	GlobalSection(SolutionProperties) = preSolution
		HideSolutionNode = FALSE
	EndGlobalSection
	GlobalSection(ExtensibilityGlobals) = postSolution
		SolutionGuid = {64609629-0785-4994-BD34-ED841ABC791C}
	EndGlobalSection
EndGlobal
